
Microsoft Visual Studio Solution File, Format Version 12.00
# Visual Studio Version 17
VisualStudioVersion = 17.10.34928.147
MinimumVisualStudioVersion = 10.0.40219.1
Project("{FAE04EC0-301F-11D3-BF4B-00C04F79EFBC}") = "CursorHighlighter", "CursorHighlighter\CursorHighlighter.csproj", "{7156E7E3-70F8-4624-ACFF-216518EC10D4}"
EndProject
Global
	GlobalSection(SolutionConfigurationPlatforms) = preSolution
		Debug|Any CPU = Debug|Any CPU
		Release|Any CPU = Release|Any CPU
	EndGlobalSection
	GlobalSection(ProjectConfigurationPlatforms) = postSolution
		{7156E7E3-70F8-4624-ACFF-216518EC10D4}.Debug|Any CPU.ActiveCfg = Debug|Any CPU
		{7156E7E3-70F8-4624-ACFF-216518EC10D4}.Debug|Any CPU.Build.0 = Debug|Any CPU
		{7156E7E3-70F8-4624-ACFF-216518EC10D4}.Release|Any CPU.ActiveCfg = Release|Any CPU
		{7156E7E3-70F8-4624-ACFF-216518EC10D4}.Release|Any CPU.Build.0 = Release|Any CPU
	EndGlobalSection
	GlobalSection(SolutionProperties) = preSolution
		HideSolutionNode = FALSE
	EndGlobalSection
	GlobalSection(ExtensibilityGlobals) = postSolution
		SolutionGuid = {C2881FAB-0614-4640-AC3C-E179C963E9DD}
	EndGlobalSection
EndGlobal
